
Microsoft Visual Studio Solution File, Format Version 12.00
# Visual Studio Version 16
VisualStudioVersion = 16.0.29326.143
MinimumVisualStudioVersion = 10.0.40219.1
Project("{9A19103F-16F7-4668-BE54-9A1E7A4F7556}") = "NewDayChallenge.Domain", "NewDayChallenge.Domain\NewDayChallenge.Domain.csproj", "{AA0BFFD7-0951-41C3-BDF5-4557CFC459D2}"
EndProject
Project("{9A19103F-16F7-4668-BE54-9A1E7A4F7556}") = "NewDayChallenge.Data", "NewDayChallenge.Data\NewDayChallenge.Data.csproj", "{2B0E80A7-C2E8-42FB-A5C8-91030A70F4C1}"
EndProject
Project("{9A19103F-16F7-4668-BE54-9A1E7A4F7556}") = "NewDayChallenge.WebApi", "NewDayChallenge.WebApi\NewDayChallenge.WebApi.csproj", "{36E8F65E-3DB1-4478-8890-5781593E6FA6}"
EndProject
Project("{9A19103F-16F7-4668-BE54-9A1E7A4F7556}") = "NewDayChallenge.Services", "NewDayChallenge.Services\NewDayChallenge.Services.csproj", "{079B425A-4237-46E8-9D5B-E839668EFB63}"
EndProject
Project("{FAE04EC0-301F-11D3-BF4B-00C04F79EFBC}") = "NewDayChallenge.Tests", "NewDayChallenge.Tests\NewDayChallenge.Tests.csproj", "{974D7E82-97B2-43EE-A42F-35141A2F36DF}"
EndProject
Global
	GlobalSection(SolutionConfigurationPlatforms) = preSolution
		Debug|Any CPU = Debug|Any CPU
		Release|Any CPU = Release|Any CPU
	EndGlobalSection
	GlobalSection(ProjectConfigurationPlatforms) = postSolution
		{AA0BFFD7-0951-41C3-BDF5-4557CFC459D2}.Debug|Any CPU.ActiveCfg = Debug|Any CPU
		{AA0BFFD7-0951-41C3-BDF5-4557CFC459D2}.Debug|Any CPU.Build.0 = Debug|Any CPU
		{AA0BFFD7-0951-41C3-BDF5-4557CFC459D2}.Release|Any CPU.ActiveCfg = Release|Any CPU
		{AA0BFFD7-0951-41C3-BDF5-4557CFC459D2}.Release|Any CPU.Build.0 = Release|Any CPU
		{2B0E80A7-C2E8-42FB-A5C8-91030A70F4C1}.Debug|Any CPU.ActiveCfg = Debug|Any CPU
		{2B0E80A7-C2E8-42FB-A5C8-91030A70F4C1}.Debug|Any CPU.Build.0 = Debug|Any CPU
		{2B0E80A7-C2E8-42FB-A5C8-91030A70F4C1}.Release|Any CPU.ActiveCfg = Release|Any CPU
		{2B0E80A7-C2E8-42FB-A5C8-91030A70F4C1}.Release|Any CPU.Build.0 = Release|Any CPU
		{36E8F65E-3DB1-4478-8890-5781593E6FA6}.Debug|Any CPU.ActiveCfg = Debug|Any CPU
		{36E8F65E-3DB1-4478-8890-5781593E6FA6}.Debug|Any CPU.Build.0 = Debug|Any CPU
		{36E8F65E-3DB1-4478-8890-5781593E6FA6}.Release|Any CPU.ActiveCfg = Release|Any CPU
		{36E8F65E-3DB1-4478-8890-5781593E6FA6}.Release|Any CPU.Build.0 = Release|Any CPU
		{079B425A-4237-46E8-9D5B-E839668EFB63}.Debug|Any CPU.ActiveCfg = Debug|Any CPU
		{079B425A-4237-46E8-9D5B-E839668EFB63}.Debug|Any CPU.Build.0 = Debug|Any CPU
		{079B425A-4237-46E8-9D5B-E839668EFB63}.Release|Any CPU.ActiveCfg = Release|Any CPU
		{079B425A-4237-46E8-9D5B-E839668EFB63}.Release|Any CPU.Build.0 = Release|Any CPU
		{974D7E82-97B2-43EE-A42F-35141A2F36DF}.Debug|Any CPU.ActiveCfg = Debug|Any CPU
		{974D7E82-97B2-43EE-A42F-35141A2F36DF}.Debug|Any CPU.Build.0 = Debug|Any CPU
		{974D7E82-97B2-43EE-A42F-35141A2F36DF}.Release|Any CPU.ActiveCfg = Release|Any CPU
		{974D7E82-97B2-43EE-A42F-35141A2F36DF}.Release|Any CPU.Build.0 = Release|Any CPU
	EndGlobalSection
	GlobalSection(SolutionProperties) = preSolution
		HideSolutionNode = FALSE
	EndGlobalSection
	GlobalSection(ExtensibilityGlobals) = postSolution
		SolutionGuid = {019645E1-9518-4249-8E46-1387988E1058}
	EndGlobalSection
EndGlobal
